{
  "object": {
    "pins": [
      {
        "package": "Rainbow",
        "repositoryURL": "https://github.com/luoxiu/Rainbow",
        "state": {
          "branch": null,
          "revision": "177c6ebae4389c0363ea1bf62a7257151d53acbc",
          "version": "0.0.4"
        }
      }
    ]
  },
  "version": 1
}
