{
  "object": {
    "pins": [
      {
        "package": "Rainbow",
        "repositoryURL": "https://github.com/luoxiu/Rainbow",
        "state": {
          "branch": null,
          "revision": "438720f94da08582aff2abc4712de1c23f464d45",
          "version": "0.0.5"
        }
      }
    ]
  },
  "version": 1
}
